{
  "name": "ai-pm-mindmap",
  "version": "0.1.0",
  "lockfileVersion": 3,
  "requires": true,
  "packages": {
    "": {
      "name": "ai-pm-mindmap",
      "version": "0.1.0",
      "workspaces": [
        "apps/*",
        "packages/*"
      ]
    },
    "apps/backend": {
      "name": "@ai-pm/backend",
      "version": "0.2.0",
      "dependencies": {
        "@ai-pm/shared": "file:../../packages/shared"
      }
    },
    "apps/frontend": {
      "name": "@ai-pm/frontend",
      "version": "0.3.0"
    },
    "node_modules/@ai-pm/backend": {
      "resolved": "apps/backend",
      "link": true
    },
    "node_modules/@ai-pm/frontend": {
      "resolved": "apps/frontend",
      "link": true
    },
    "node_modules/@ai-pm/shared": {
      "resolved": "packages/shared",
      "link": true
    },
    "packages/shared": {
      "name": "@ai-pm/shared",
      "version": "0.2.0"
    }
  }
}
